
Microsoft Visual Studio Solution File, Format Version 12.00
# Visual Studio Version 17
VisualStudioVersion = 17.9.34714.143
MinimumVisualStudioVersion = 10.0.40219.1
Project("{9A19103F-16F7-4668-BE54-9A1E7A4F7556}") = "SampleSignalR.Server", "SampleSignalR.Server\SampleSignalR.Server.csproj", "{CD0CE9B0-EA83-4648-B5CF-47404A5CFF46}"
EndProject
Project("{FAE04EC0-301F-11D3-BF4B-00C04F79EFBC}") = "SampleSignalR.Client", "SampleSignalR.Client\SampleSignalR.Client.csproj", "{08A1D435-F8FC-4D78-B027-608A83EEA3C9}"
EndProject
Global
	GlobalSection(SolutionConfigurationPlatforms) = preSolution
		Debug|Any CPU = Debug|Any CPU
		Release|Any CPU = Release|Any CPU
	EndGlobalSection
	GlobalSection(ProjectConfigurationPlatforms) = postSolution
		{CD0CE9B0-EA83-4648-B5CF-47404A5CFF46}.Debug|Any CPU.ActiveCfg = Debug|Any CPU
		{CD0CE9B0-EA83-4648-B5CF-47404A5CFF46}.Debug|Any CPU.Build.0 = Debug|Any CPU
		{CD0CE9B0-EA83-4648-B5CF-47404A5CFF46}.Release|Any CPU.ActiveCfg = Release|Any CPU
		{CD0CE9B0-EA83-4648-B5CF-47404A5CFF46}.Release|Any CPU.Build.0 = Release|Any CPU
		{08A1D435-F8FC-4D78-B027-608A83EEA3C9}.Debug|Any CPU.ActiveCfg = Debug|Any CPU
		{08A1D435-F8FC-4D78-B027-608A83EEA3C9}.Debug|Any CPU.Build.0 = Debug|Any CPU
		{08A1D435-F8FC-4D78-B027-608A83EEA3C9}.Release|Any CPU.ActiveCfg = Release|Any CPU
		{08A1D435-F8FC-4D78-B027-608A83EEA3C9}.Release|Any CPU.Build.0 = Release|Any CPU
	EndGlobalSection
	GlobalSection(SolutionProperties) = preSolution
		HideSolutionNode = FALSE
	EndGlobalSection
	GlobalSection(ExtensibilityGlobals) = postSolution
		SolutionGuid = {31A69E65-F08A-415A-A3EF-6A112D478284}
	EndGlobalSection
EndGlobal
